<Solution>
  <Project Path="samples/MauiSpineSampleApp/MauiSpineSampleApp.csproj">
    <Deploy />
  </Project>
  <Project Path="samples/Orientera/Orientera.csproj">
    <Deploy />
  </Project>
  <Project Path="samples/Orientera.AppHost/Orientera.AppHost.csproj" />
  <Project Path="samples/Orientera.Backend/Orientera.Backend.csproj" />
  <Project Path="samples/Orientera.Domain/Orientera.Domain.csproj" />
  <Project Path="samples/Orientera.Tests/Orientera.Tests.csproj" />
  <Project Path="samples/MauiSpinePushSampleApp/MauiSpinePushSampleApp.csproj">
    <Deploy />
  </Project>
  <Project Path="samples/MauiSpinePushSampleApp.Server/MauiSpinePushSampleApp.Server.csproj" />
  <Project Path="src/Plugin.Maui.Spine.Controls.AnimatedLabel/Plugin.Maui.Spine.Controls.AnimatedLabel.csproj" Id="39cb0bc0-a3d4-45a1-ba1c-fd0cbdbddc8a" />
  <Project Path="src/Plugin.Maui.Spine.Common/Plugin.Maui.Spine.Common.csproj" />
  <Project Path="src/Plugin.Maui.Spine/Plugin.Maui.Spine.csproj" />
  <Project Path="src/Plugin.Maui.Spine.Svg/Plugin.Maui.Spine.Svg.csproj" />
  <Project Path="src/Plugin.Maui.Spine.Controls.HeroCollectionView/Plugin.Maui.Spine.Controls.HeroCollectionView.csproj" />
  <Project Path="src/Plugin.Maui.Spine.Widgets/Plugin.Maui.Spine.Widgets.csproj" />
  <Project Path="src/Plugin.Maui.Spine.Server/Plugin.Maui.Spine.Server.csproj" />
  <Project Path="src/Plugin.Maui.Spine.Push/Plugin.Maui.Spine.Push.csproj" />
  <Project Path="tests/Plugin.Maui.Spine.Server.Tests/Plugin.Maui.Spine.Server.Tests.csproj" />
</Solution>
