<Solution>
  <Project Path="samples/MauiSpineSampleApp/MauiSpineSampleApp.csproj">
    <Deploy />
  </Project>
  <Project Path="samples/MauiSpinePushNotificationsSampleApp/MauiSpinePushNotificationsSampleApp.csproj">
    <Deploy />
  </Project>
  <Project Path="samples/MauiSpinePushNotificationsSampleApp.Server/MauiSpinePushNotificationsSampleApp.Server.csproj" />
  <Project Path="src/Plugin.Maui.Spine.Controls.AnimatedLabel/Plugin.Maui.Spine.Controls.AnimatedLabel.csproj" Id="39cb0bc0-a3d4-45a1-ba1c-fd0cbdbddc8a" />
  <Project Path="src/Plugin.Maui.Spine.Common/Plugin.Maui.Spine.Common.csproj" />
  <Project Path="src/Plugin.Maui.Spine/Plugin.Maui.Spine.csproj" />
  <Project Path="src/Plugin.Maui.Spine.Svg/Plugin.Maui.Spine.Svg.csproj" />
  <Project Path="src/Plugin.Maui.Spine.Svg.Icons/Plugin.Maui.Spine.Svg.Icons.csproj" />
  <Project Path="src/Plugin.Maui.Spine.Controls.Calendar/Plugin.Maui.Spine.Controls.Calendar.csproj" />
  <Project Path="src/Plugin.Maui.Spine.Controls.HeroCollectionView/Plugin.Maui.Spine.Controls.HeroCollectionView.csproj" />
  <Project Path="src/Plugin.Maui.Spine.Controls.DataGrid/Plugin.Maui.Spine.Controls.DataGrid.csproj" />
  <Project Path="src/Plugin.Maui.Spine.Controls.Shimmer/Plugin.Maui.Spine.Controls.Shimmer.csproj" />
  <Project Path="src/Plugin.Maui.Spine.Widgets/Plugin.Maui.Spine.Widgets.csproj" />
  <Project Path="src/Plugin.Maui.Spine.Server/Plugin.Maui.Spine.Server.csproj" />
  <Project Path="src/Plugin.Maui.Spine.PushNotifications/Plugin.Maui.Spine.PushNotifications.csproj" />
  <Project Path="tests/Plugin.Maui.Spine.Server.Tests/Plugin.Maui.Spine.Server.Tests.csproj" />
  <Project Path="tests/Plugin.Maui.Spine.Svg.Tests/Plugin.Maui.Spine.Svg.Tests.csproj" />
</Solution>
